
Microsoft Visual Studio Solution File, Format Version 12.00
# Visual Studio Version 16
VisualStudioVersion = 16.0.33214.272
MinimumVisualStudioVersion = 10.0.40219.1
Project("{888888A0-9F3D-457C-B088-3A5042F75D52}") = "PythonNameGenerator", "PythonNameGenerator\PythonNameGenerator.pyproj", "{58827ACE-F232-420A-B808-16940529F0CE}"
EndProject
Global
	GlobalSection(SolutionConfigurationPlatforms) = preSolution
		Debug|Any CPU = Debug|Any CPU
		Release|Any CPU = Release|Any CPU
	EndGlobalSection
	GlobalSection(ProjectConfigurationPlatforms) = postSolution
		{58827ACE-F232-420A-B808-16940529F0CE}.Debug|Any CPU.ActiveCfg = Debug|Any CPU
		{58827ACE-F232-420A-B808-16940529F0CE}.Release|Any CPU.ActiveCfg = Release|Any CPU
	EndGlobalSection
	GlobalSection(SolutionProperties) = preSolution
		HideSolutionNode = FALSE
	EndGlobalSection
	GlobalSection(ExtensibilityGlobals) = postSolution
		SolutionGuid = {BD523B68-D719-4FE8-B981-CCE70D4EEFAD}
	EndGlobalSection
EndGlobal
